
Microsoft Visual Studio Solution File, Format Version 12.00
# Visual Studio Version 16
VisualStudioVersion = 16.0.32901.82
MinimumVisualStudioVersion = 10.0.40219.1
Project("{FAE04EC0-301F-11D3-BF4B-00C04F79EFBC}") = "HelloWorld_Sadler_Madison", "HelloWorld_Sadler_Madison\HelloWorld_Sadler_Madison.csproj", "{D654F6E3-357E-48C6-9D66-B3513FCF2F1D}"
EndProject
Global
	GlobalSection(SolutionConfigurationPlatforms) = preSolution
		Debug|Any CPU = Debug|Any CPU
		Release|Any CPU = Release|Any CPU
	EndGlobalSection
	GlobalSection(ProjectConfigurationPlatforms) = postSolution
		{D654F6E3-357E-48C6-9D66-B3513FCF2F1D}.Debug|Any CPU.ActiveCfg = Debug|Any CPU
		{D654F6E3-357E-48C6-9D66-B3513FCF2F1D}.Debug|Any CPU.Build.0 = Debug|Any CPU
		{D654F6E3-357E-48C6-9D66-B3513FCF2F1D}.Release|Any CPU.ActiveCfg = Release|Any CPU
		{D654F6E3-357E-48C6-9D66-B3513FCF2F1D}.Release|Any CPU.Build.0 = Release|Any CPU
	EndGlobalSection
	GlobalSection(SolutionProperties) = preSolution
		HideSolutionNode = FALSE
	EndGlobalSection
	GlobalSection(ExtensibilityGlobals) = postSolution
		SolutionGuid = {02946730-7D87-4300-81D2-5624962BF6BB}
	EndGlobalSection
EndGlobal
